
Microsoft Visual Studio Solution File, Format Version 12.00
# Visual Studio 15
VisualStudioVersion = 15.0.28307.645
MinimumVisualStudioVersion = 10.0.40219.1
Project("{8BC9CEB8-8B4A-11D0-8D11-00A0C91BC942}") = "Test_Forward", "Test_Forward\Test_Forward.vcxproj", "{7F115166-75B8-4B72-BD6B-A7D133118F14}"
EndProject
Global
	GlobalSection(SolutionConfigurationPlatforms) = preSolution
		Debug|x64 = Debug|x64
		Debug|x86 = Debug|x86
		Release|x64 = Release|x64
		Release|x86 = Release|x86
	EndGlobalSection
	GlobalSection(ProjectConfigurationPlatforms) = postSolution
		{7F115166-75B8-4B72-BD6B-A7D133118F14}.Debug|x64.ActiveCfg = Debug|x64
		{7F115166-75B8-4B72-BD6B-A7D133118F14}.Debug|x64.Build.0 = Debug|x64
		{7F115166-75B8-4B72-BD6B-A7D133118F14}.Debug|x86.ActiveCfg = Debug|Win32
		{7F115166-75B8-4B72-BD6B-A7D133118F14}.Debug|x86.Build.0 = Debug|Win32
		{7F115166-75B8-4B72-BD6B-A7D133118F14}.Release|x64.ActiveCfg = Release|x64
		{7F115166-75B8-4B72-BD6B-A7D133118F14}.Release|x64.Build.0 = Release|x64
		{7F115166-75B8-4B72-BD6B-A7D133118F14}.Release|x86.ActiveCfg = Release|Win32
		{7F115166-75B8-4B72-BD6B-A7D133118F14}.Release|x86.Build.0 = Release|Win32
	EndGlobalSection
	GlobalSection(SolutionProperties) = preSolution
		HideSolutionNode = FALSE
	EndGlobalSection
	GlobalSection(ExtensibilityGlobals) = postSolution
		SolutionGuid = {C47A4F9C-66D2-4962-B9CF-6288334E651F}
	EndGlobalSection
EndGlobal
